// !$*UTF8*$!
{
	archiveVersion = 1;
	classes = {
	};
	objectVersion = 50;
	objects = {

/* Begin PBXBuildFile section */
		12094B9D2318FF3F00AA121F /* AppDelegate.m in Sources */ = {isa = PBXBuildFile; fileRef = 12094B9C2318FF3F00AA121F /* AppDelegate.m */; };
		12094BA02318FF3F00AA121F /* NotesViewController.m in Sources */ = {isa = PBXBuildFile; fileRef = 12094B9F2318FF3F00AA121F /* NotesViewController.m */; };
		12094BA32318FF3F00AA121F /* Main.storyboard in Resources */ = {isa = PBXBuildFile; fileRef = 12094BA12318FF3F00AA121F /* Main.storyboard */; };
		12094BA52318FF4200AA121F /* Assets.xcassets in Resources */ = {isa = PBXBuildFile; fileRef = 12094BA42318FF4200AA121F /* Assets.xcassets */; };
		12094BA82318FF4200AA121F /* LaunchScreen.storyboard in Resources */ = {isa = PBXBuildFile; fileRef = 12094BA62318FF4200AA121F /* LaunchScreen.storyboard */; };
		12094BAB2318FF4200AA121F /* main.m in Sources */ = {isa = PBXBuildFile; fileRef = 12094BAA2318FF4200AA121F /* main.m */; };
		12094BB3231929AB00AA121F /* MainTableViewController.m in Sources */ = {isa = PBXBuildFile; fileRef = 12094BB2231929AB00AA121F /* MainTableViewController.m */; };
/* End PBXBuildFile section */

/* Begin PBXFileReference section */
		12094B982318FF3F00AA121F /* To-Do_List.app */ = {isa = PBXFileReference; explicitFileType = wrapper.application; includeInIndex = 0; path = "To-Do_List.app"; sourceTree = BUILT_PRODUCTS_DIR; };
		12094B9B2318FF3F00AA121F /* AppDelegate.h */ = {isa = PBXFileReference; lastKnownFileType = sourcecode.c.h; path = AppDelegate.h; sourceTree = "<group>"; };
		12094B9C2318FF3F00AA121F /* AppDelegate.m */ = {isa = PBXFileReference; lastKnownFileType = sourcecode.c.objc; path = AppDelegate.m; sourceTree = "<group>"; };
		12094B9E2318FF3F00AA121F /* NotesViewController.h */ = {isa = PBXFileReference; lastKnownFileType = sourcecode.c.h; path = NotesViewController.h; sourceTree = "<group>"; };
		12094B9F2318FF3F00AA121F /* NotesViewController.m */ = {isa = PBXFileReference; lastKnownFileType = sourcecode.c.objc; path = NotesViewController.m; sourceTree = "<group>"; };
		12094BA22318FF3F00AA121F /* Base */ = {isa = PBXFileReference; lastKnownFileType = file.storyboard; name = Base; path = Base.lproj/Main.storyboard; sourceTree = "<group>"; };
		12094BA42318FF4200AA121F /* Assets.xcassets */ = {isa = PBXFileReference; lastKnownFileType = folder.assetcatalog; path = Assets.xcassets; sourceTree = "<group>"; };
		12094BA72318FF4200AA121F /* Base */ = {isa = PBXFileReference; lastKnownFileType = file.storyboard; name = Base; path = Base.lproj/LaunchScreen.storyboard; sourceTree = "<group>"; };
		12094BA92318FF4200AA121F /* Info.plist */ = {isa = PBXFileReference; lastKnownFileType = text.plist.xml; path = Info.plist; sourceTree = "<group>"; };
		12094BAA2318FF4200AA121F /* main.m */ = {isa = PBXFileReference; lastKnownFileType = sourcecode.c.objc; path = main.m; sourceTree = "<group>"; };
		12094BB1231929AB00AA121F /* MainTableViewController.h */ = {isa = PBXFileReference; lastKnownFileType = sourcecode.c.h; path = MainTableViewController.h; sourceTree = "<group>"; };
		12094BB2231929AB00AA121F /* MainTableViewController.m */ = {isa = PBXFileReference; lastKnownFileType = sourcecode.c.objc; path = MainTableViewController.m; sourceTree = "<group>"; };
/* End PBXFileReference section */

/* Begin PBXFrameworksBuildPhase section */
		12094B952318FF3F00AA121F /* Frameworks */ = {
			isa = PBXFrameworksBuildPhase;
			buildActionMask = 2147483647;
			files = (
			);
			runOnlyForDeploymentPostprocessing = 0;
		};
/* End PBXFrameworksBuildPhase section */

/* Begin PBXGroup section */
		12094B8F2318FF3F00AA121F = {
			isa = PBXGroup;
			children = (
				12094B9A2318FF3F00AA121F /* To-Do_List */,
				12094B992318FF3F00AA121F /* Products */,
			);
			sourceTree = "<group>";
		};
		12094B992318FF3F00AA121F /* Products */ = {
			isa = PBXGroup;
			children = (
				12094B982318FF3F00AA121F /* To-Do_List.app */,
			);
			name = Products;
			sourceTree = "<group>";
		};
		12094B9A2318FF3F00AA121F /* To-Do_List */ = {
			isa = PBXGroup;
			children = (
				12094B9B2318FF3F00AA121F /* AppDelegate.h */,
				12094B9C2318FF3F00AA121F /* AppDelegate.m */,
				12094B9E2318FF3F00AA121F /* NotesViewController.h */,
				12094B9F2318FF3F00AA121F /* NotesViewController.m */,
				12094BA12318FF3F00AA121F /* Main.storyboard */,
				12094BA42318FF4200AA121F /* Assets.xcassets */,
				12094BA62318FF4200AA121F /* LaunchScreen.storyboard */,
				12094BA92318FF4200AA121F /* Info.plist */,
				12094BAA2318FF4200AA121F /* main.m */,
				12094BB1231929AB00AA121F /* MainTableViewController.h */,
				12094BB2231929AB00AA121F /* MainTableViewController.m */,
			);
			path = "To-Do_List";
			sourceTree = "<group>";
		};
/* End PBXGroup section */

/* Begin PBXNativeTarget section */
		12094B972318FF3F00AA121F /* To-Do_List */ = {
			isa = PBXNativeTarget;
			buildConfigurationList = 12094BAE2318FF4200AA121F /* Build configuration list for PBXNativeTarget "To-Do_List" */;
			buildPhases = (
				12094B942318FF3F00AA121F /* Sources */,
				12094B952318FF3F00AA121F /* Frameworks */,
				12094B962318FF3F00AA121F /* Resources */,
			);
			buildRules = (
			);
			dependencies = (
			);
			name = "To-Do_List";
			productName = "To-Do_List";
			productReference = 12094B982318FF3F00AA121F /* To-Do_List.app */;
			productType = "com.apple.product-type.application";
		};
/* End PBXNativeTarget section */

/* Begin PBXProject section */
		12094B902318FF3F00AA121F /* Project object */ = {
			isa = PBXProject;
			attributes = {
				LastUpgradeCheck = 1030;
				ORGANIZATIONNAME = "Iryna Kopchynska";
				TargetAttributes = {
					12094B972318FF3F00AA121F = {
						CreatedOnToolsVersion = 10.3;
					};
				};
			};
			buildConfigurationList = 12094B932318FF3F00AA121F /* Build configuration list for PBXProject "To-Do_List" */;
			compatibilityVersion = "Xcode 9.3";
			developmentRegion = en;
			hasScannedForEncodings = 0;
			knownRegions = (
				en,
				Base,
			);
			mainGroup = 12094B8F2318FF3F00AA121F;
			productRefGroup = 12094B992318FF3F00AA121F /* Products */;
			projectDirPath = "";
			projectRoot = "";
			targets = (
				12094B972318FF3F00AA121F /* To-Do_List */,
			);
		};
/* End PBXProject section */

/* Begin PBXResourcesBuildPhase section */
		12094B962318FF3F00AA121F /* Resources */ = {
			isa = PBXResourcesBuildPhase;
			buildActionMask = 2147483647;
			files = (
				12094BA82318FF4200AA121F /* LaunchScreen.storyboard in Resources */,
				12094BA52318FF4200AA121F /* Assets.xcassets in Resources */,
				12094BA32318FF3F00AA121F /* Main.storyboard in Resources */,
			);
			runOnlyForDeploymentPostprocessing = 0;
		};
/* End PBXResourcesBuildPhase section */

/* Begin PBXSourcesBuildPhase section */
		12094B942318FF3F00AA121F /* Sources */ = {
			isa = PBXSourcesBuildPhase;
			buildActionMask = 2147483647;
			files = (
				12094BB3231929AB00AA121F /* MainTableViewController.m in Sources */,
				12094BA02318FF3F00AA121F /* NotesViewController.m in Sources */,
				12094BAB2318FF4200AA121F /* main.m in Sources */,
				12094B9D2318FF3F00AA121F /* AppDelegate.m in Sources */,
			);
			runOnlyForDeploymentPostprocessing = 0;
		};
/* End PBXSourcesBuildPhase section */

/* Begin PBXVariantGroup section */
		12094BA12318FF3F00AA121F /* Main.storyboard */ = {
			isa = PBXVariantGroup;
			children = (
				12094BA22318FF3F00AA121F /* Base */,
			);
			name = Main.storyboard;
			sourceTree = "<group>";
		};
		12094BA62318FF4200AA121F /* LaunchScreen.storyboard */ = {
			isa = PBXVariantGroup;
			children = (
				12094BA72318FF4200AA121F /* Base */,
			);
			name = LaunchScreen.storyboard;
			sourceTree = "<group>";
		};
/* End PBXVariantGroup section */

/* Begin XCBuildConfiguration section */
		12094BAC2318FF4200AA121F /* Debug */ = {
			isa = XCBuildConfiguration;
			buildSettings = {
				ALWAYS_SEARCH_USER_PATHS = NO;
				CLANG_ANALYZER_NONNULL = YES;
				CLANG_ANALYZER_NUMBER_OBJECT_CONVERSION = YES_AGGRESSIVE;
				CLANG_CXX_LANGUAGE_STANDARD = "gnu++14";
				CLANG_CXX_LIBRARY = "libc++";
				CLANG_ENABLE_MODULES = YES;
				CLANG_ENABLE_OBJC_ARC = YES;
				CLANG_ENABLE_OBJC_WEAK = YES;
				CLANG_WARN_BLOCK_CAPTURE_AUTORELEASING = YES;
				CLANG_WARN_BOOL_CONVERSION = YES;
				CLANG_WARN_COMMA = YES;
				CLANG_WARN_CONSTANT_CONVERSION = YES;
				CLANG_WARN_DEPRECATED_OBJC_IMPLEMENTATIONS = YES;
				CLANG_WARN_DIRECT_OBJC_ISA_USAGE = YES_ERROR;
				CLANG_WARN_DOCUMENTATION_COMMENTS = YES;
				CLANG_WARN_EMPTY_BODY = YES;
				CLANG_WARN_ENUM_CONVERSION = YES;
				CLANG_WARN_INFINITE_RECURSION = YES;
				CLANG_WARN_INT_CONVERSION = YES;
				CLANG_WARN_NON_LITERAL_NULL_CONVERSION = YES;
				CLANG_WARN_OBJC_IMPLICIT_RETAIN_SELF = YES;
				CLANG_WARN_OBJC_LITERAL_CONVERSION = YES;
				CLANG_WARN_OBJC_ROOT_CLASS = YES_ERROR;
				CLANG_WARN_RANGE_LOOP_ANALYSIS = YES;
				CLANG_WARN_STRICT_PROTOTYPES = YES;
				CLANG_WARN_SUSPICIOUS_MOVE = YES;
				CLANG_WARN_UNGUARDED_AVAILABILITY = YES_AGGRESSIVE;
				CLANG_WARN_UNREACHABLE_CODE = YES;
				CLANG_WARN__DUPLICATE_METHOD_MATCH = YES;
				CODE_SIGN_IDENTITY = "iPhone Developer";
				COPY_PHASE_STRIP = NO;
				DEBUG_INFORMATION_FORMAT = dwarf;
				ENABLE_STRICT_OBJC_MSGSEND = YES;
				ENABLE_TESTABILITY = YES;
				GCC_C_LANGUAGE_STANDARD = gnu11;
				GCC_DYNAMIC_NO_PIC = NO;
				GCC_NO_COMMON_BLOCKS = YES;
				GCC_OPTIMIZATION_LEVEL = 0;
				GCC_PREPROCESSOR_DEFINITIONS = (
					"DEBUG=1",
					"$(inherited)",
				);
				GCC_WARN_64_TO_32_BIT_CONVERSION = YES;
				GCC_WARN_ABOUT_RETURN_TYPE = YES_ERROR;
				GCC_WARN_UNDECLARED_SELECTOR = YES;
				GCC_WARN_UNINITIALIZED_AUTOS = YES_AGGRESSIVE;
				GCC_WARN_UNUSED_FUNCTION = YES;
				GCC_WARN_UNUSED_VARIABLE = YES;
				IPHONEOS_DEPLOYMENT_TARGET = 12.4;
				MTL_ENABLE_DEBUG_INFO = INCLUDE_SOURCE;
				MTL_FAST_MATH = YES;
				ONLY_ACTIVE_ARCH = YES;
				SDKROOT = iphoneos;
			};
			name = Debug;
		};
		12094BAD2318FF4200AA121F /* Release */ = {
			isa = XCBuildConfiguration;
			buildSettings = {
				ALWAYS_SEARCH_USER_PATHS = NO;
				CLANG_ANALYZER_NONNULL = YES;
				CLANG_ANALYZER_NUMBER_OBJECT_CONVERSION = YES_AGGRESSIVE;
				CLANG_CXX_LANGUAGE_STANDARD = "gnu++14";
				CLANG_CXX_LIBRARY = "libc++";
				CLANG_ENABLE_MODULES = YES;
				CLANG_ENABLE_OBJC_ARC = YES;
				CLANG_ENABLE_OBJC_WEAK = YES;
				CLANG_WARN_BLOCK_CAPTURE_AUTORELEASING = YES;
				CLANG_WARN_BOOL_CONVERSION = YES;
				CLANG_WARN_COMMA = YES;
				CLANG_WARN_CONSTANT_CONVERSION = YES;
				CLANG_WARN_DEPRECATED_OBJC_IMPLEMENTATIONS = YES;
				CLANG_WARN_DIRECT_OBJC_ISA_USAGE = YES_ERROR;
				CLANG_WARN_DOCUMENTATION_COMMENTS = YES;
				CLANG_WARN_EMPTY_BODY = YES;
				CLANG_WARN_ENUM_CONVERSION = YES;
				CLANG_WARN_INFINITE_RECURSION = YES;
				CLANG_WARN_INT_CONVERSION = YES;
				CLANG_WARN_NON_LITERAL_NULL_CONVERSION = YES;
				CLANG_WARN_OBJC_IMPLICIT_RETAIN_SELF = YES;
				CLANG_WARN_OBJC_LITERAL_CONVERSION = YES;
				CLANG_WARN_OBJC_ROOT_CLASS = YES_ERROR;
				CLANG_WARN_RANGE_LOOP_ANALYSIS = YES;
				CLANG_WARN_STRICT_PROTOTYPES = YES;
				CLANG_WARN_SUSPICIOUS_MOVE = YES;
				CLANG_WARN_UNGUARDED_AVAILABILITY = YES_AGGRESSIVE;
				CLANG_WARN_UNREACHABLE_CODE = YES;
				CLANG_WARN__DUPLICATE_METHOD_MATCH = YES;
				CODE_SIGN_IDENTITY = "iPhone Developer";
				COPY_PHASE_STRIP = NO;
				DEBUG_INFORMATION_FORMAT = "dwarf-with-dsym";
				ENABLE_NS_ASSERTIONS = NO;
				ENABLE_STRICT_OBJC_MSGSEND = YES;
				GCC_C_LANGUAGE_STANDARD = gnu11;
				GCC_NO_COMMON_BLOCKS = YES;
				GCC_WARN_64_TO_32_BIT_CONVERSION = YES;
				GCC_WARN_ABOUT_RETURN_TYPE = YES_ERROR;
				GCC_WARN_UNDECLARED_SELECTOR = YES;
				GCC_WARN_UNINITIALIZED_AUTOS = YES_AGGRESSIVE;
				GCC_WARN_UNUSED_FUNCTION = YES;
				GCC_WARN_UNUSED_VARIABLE = YES;
				IPHONEOS_DEPLOYMENT_TARGET = 12.4;
				MTL_ENABLE_DEBUG_INFO = NO;
				MTL_FAST_MATH = YES;
				SDKROOT = iphoneos;
				VALIDATE_PRODUCT = YES;
			};
			name = Release;
		};
		12094BAF2318FF4200AA121F /* Debug */ = {
			isa = XCBuildConfiguration;
			buildSettings = {
				ASSETCATALOG_COMPILER_APPICON_NAME = AppIcon;
				CODE_SIGN_STYLE = Automatic;
				INFOPLIST_FILE = "To-Do_List/Info.plist";
				LD_RUNPATH_SEARCH_PATHS = (
					"$(inherited)",
					"@executable_path/Frameworks",
				);
				PRODUCT_BUNDLE_IDENTIFIER = "com.Kopchynska.To-Do-List";
				PRODUCT_NAME = "$(TARGET_NAME)";
				TARGETED_DEVICE_FAMILY = "1,2";
			};
			name = Debug;
		};
		12094BB02318FF4200AA121F /* Release */ = {
			isa = XCBuildConfiguration;
			buildSettings = {
				ASSETCATALOG_COMPILER_APPICON_NAME = AppIcon;
				CODE_SIGN_STYLE = Automatic;
				INFOPLIST_FILE = "To-Do_List/Info.plist";
				LD_RUNPATH_SEARCH_PATHS = (
					"$(inherited)",
					"@executable_path/Frameworks",
				);
				PRODUCT_BUNDLE_IDENTIFIER = "com.Kopchynska.To-Do-List";
				PRODUCT_NAME = "$(TARGET_NAME)";
				TARGETED_DEVICE_FAMILY = "1,2";
			};
			name = Release;
		};
/* End XCBuildConfiguration section */

/* Begin XCConfigurationList section */
		12094B932318FF3F00AA121F /* Build configuration list for PBXProject "To-Do_List" */ = {
			isa = XCConfigurationList;
			buildConfigurations = (
				12094BAC2318FF4200AA121F /* Debug */,
				12094BAD2318FF4200AA121F /* Release */,
			);
			defaultConfigurationIsVisible = 0;
			defaultConfigurationName = Release;
		};
		12094BAE2318FF4200AA121F /* Build configuration list for PBXNativeTarget "To-Do_List" */ = {
			isa = XCConfigurationList;
			buildConfigurations = (
				12094BAF2318FF4200AA121F /* Debug */,
				12094BB02318FF4200AA121F /* Release */,
			);
			defaultConfigurationIsVisible = 0;
			defaultConfigurationName = Release;
		};
/* End XCConfigurationList section */
	};
	rootObject = 12094B902318FF3F00AA121F /* Project object */;
}
